
Microsoft Visual Studio Solution File, Format Version 12.00
# Visual Studio 15
VisualStudioVersion = 15.0.27130.2003
MinimumVisualStudioVersion = 10.0.40219.1
Project("{FAE04EC0-301F-11D3-BF4B-00C04F79EFBC}") = "netCore_nlog", "netCore_nlog\netCore_nlog.csproj", "{BBFCBD23-32DA-43CD-8C23-1549A2A48D8D}"
EndProject
Global
	GlobalSection(SolutionConfigurationPlatforms) = preSolution
		Debug|Any CPU = Debug|Any CPU
		Release|Any CPU = Release|Any CPU
	EndGlobalSection
	GlobalSection(ProjectConfigurationPlatforms) = postSolution
		{BBFCBD23-32DA-43CD-8C23-1549A2A48D8D}.Debug|Any CPU.ActiveCfg = Debug|Any CPU
		{BBFCBD23-32DA-43CD-8C23-1549A2A48D8D}.Debug|Any CPU.Build.0 = Debug|Any CPU
		{BBFCBD23-32DA-43CD-8C23-1549A2A48D8D}.Release|Any CPU.ActiveCfg = Release|Any CPU
		{BBFCBD23-32DA-43CD-8C23-1549A2A48D8D}.Release|Any CPU.Build.0 = Release|Any CPU
	EndGlobalSection
	GlobalSection(SolutionProperties) = preSolution
		HideSolutionNode = FALSE
	EndGlobalSection
	GlobalSection(ExtensibilityGlobals) = postSolution
		SolutionGuid = {44670DB7-85AF-458D-BFE9-7FEEBA2D2377}
	EndGlobalSection
EndGlobal
