
Microsoft Visual Studio Solution File, Format Version 12.00
# Visual Studio 15
VisualStudioVersion = 15.0.27130.2003
MinimumVisualStudioVersion = 10.0.40219.1
Project("{FAE04EC0-301F-11D3-BF4B-00C04F79EFBC}") = "netCore_efcore", "netCore-efcore\netCore_efcore.csproj", "{A75ABDAC-654A-456F-84D6-7B2F89528C72}"
EndProject
Global
	GlobalSection(SolutionConfigurationPlatforms) = preSolution
		Debug|Any CPU = Debug|Any CPU
		Release|Any CPU = Release|Any CPU
	EndGlobalSection
	GlobalSection(ProjectConfigurationPlatforms) = postSolution
		{A75ABDAC-654A-456F-84D6-7B2F89528C72}.Debug|Any CPU.ActiveCfg = Debug|Any CPU
		{A75ABDAC-654A-456F-84D6-7B2F89528C72}.Debug|Any CPU.Build.0 = Debug|Any CPU
		{A75ABDAC-654A-456F-84D6-7B2F89528C72}.Release|Any CPU.ActiveCfg = Release|Any CPU
		{A75ABDAC-654A-456F-84D6-7B2F89528C72}.Release|Any CPU.Build.0 = Release|Any CPU
	EndGlobalSection
	GlobalSection(SolutionProperties) = preSolution
		HideSolutionNode = FALSE
	EndGlobalSection
	GlobalSection(ExtensibilityGlobals) = postSolution
		SolutionGuid = {D4E3A27B-F24E-4971-BD7C-98A7B74B28E3}
	EndGlobalSection
EndGlobal
